
Microsoft Visual Studio Solution File, Format Version 12.00
# Visual Studio Version 17
VisualStudioVersion = 17.1.32319.34
MinimumVisualStudioVersion = 10.0.40219.1
Project("{9A19103F-16F7-4668-BE54-9A1E7A4F7556}") = "Pedrofy", "Pedrofy\Pedrofy.csproj", "{4DC5F165-62CF-468B-94BE-BF2D26C18F52}"
EndProject
Project("{9A19103F-16F7-4668-BE54-9A1E7A4F7556}") = "Pedrofy-front", "Pedrofy-front\Pedrofy-front.csproj", "{903C0173-849D-4C70-86F2-B67FB84E077C}"
EndProject
Project("{2150E333-8FDC-42A3-9474-1A3956D46DE8}") = "Solution Items", "Solution Items", "{3F7DAD96-931D-4ED0-845A-64A1EE574E86}"
	ProjectSection(SolutionItems) = preProject
		.editorconfig = .editorconfig
	EndProjectSection
EndProject
Global
	GlobalSection(SolutionConfigurationPlatforms) = preSolution
		Debug|Any CPU = Debug|Any CPU
		Release|Any CPU = Release|Any CPU
	EndGlobalSection
	GlobalSection(ProjectConfigurationPlatforms) = postSolution
		{4DC5F165-62CF-468B-94BE-BF2D26C18F52}.Debug|Any CPU.ActiveCfg = Debug|Any CPU
		{4DC5F165-62CF-468B-94BE-BF2D26C18F52}.Debug|Any CPU.Build.0 = Debug|Any CPU
		{4DC5F165-62CF-468B-94BE-BF2D26C18F52}.Release|Any CPU.ActiveCfg = Release|Any CPU
		{4DC5F165-62CF-468B-94BE-BF2D26C18F52}.Release|Any CPU.Build.0 = Release|Any CPU
		{903C0173-849D-4C70-86F2-B67FB84E077C}.Debug|Any CPU.ActiveCfg = Debug|Any CPU
		{903C0173-849D-4C70-86F2-B67FB84E077C}.Debug|Any CPU.Build.0 = Debug|Any CPU
		{903C0173-849D-4C70-86F2-B67FB84E077C}.Release|Any CPU.ActiveCfg = Release|Any CPU
		{903C0173-849D-4C70-86F2-B67FB84E077C}.Release|Any CPU.Build.0 = Release|Any CPU
	EndGlobalSection
	GlobalSection(SolutionProperties) = preSolution
		HideSolutionNode = FALSE
	EndGlobalSection
	GlobalSection(ExtensibilityGlobals) = postSolution
		SolutionGuid = {F0A75BF2-D49C-4205-AD08-A3B3ED769D26}
	EndGlobalSection
EndGlobal
